
Microsoft Visual Studio Solution File, Format Version 12.00
# Visual Studio Version 16
VisualStudioVersion = 16.0.29318.209
MinimumVisualStudioVersion = 10.0.40219.1
Project("{FAE04EC0-301F-11D3-BF4B-00C04F79EFBC}") = "TitleSync", "TitleSync.csproj", "{CB8A4D70-5CB2-4C48-9611-11621F79B11D}"
EndProject
Global
	GlobalSection(SolutionConfigurationPlatforms) = preSolution
		Debug|Any CPU = Debug|Any CPU
		Release|Any CPU = Release|Any CPU
	EndGlobalSection
	GlobalSection(ProjectConfigurationPlatforms) = postSolution
		{CB8A4D70-5CB2-4C48-9611-11621F79B11D}.Debug|Any CPU.ActiveCfg = Debug|Any CPU
		{CB8A4D70-5CB2-4C48-9611-11621F79B11D}.Debug|Any CPU.Build.0 = Debug|Any CPU
		{CB8A4D70-5CB2-4C48-9611-11621F79B11D}.Release|Any CPU.ActiveCfg = Release|Any CPU
		{CB8A4D70-5CB2-4C48-9611-11621F79B11D}.Release|Any CPU.Build.0 = Release|Any CPU
	EndGlobalSection
	GlobalSection(SolutionProperties) = preSolution
		HideSolutionNode = FALSE
	EndGlobalSection
	GlobalSection(ExtensibilityGlobals) = postSolution
		SolutionGuid = {D97087D6-B89C-4CFA-9ECD-9A859AE88032}
	EndGlobalSection
EndGlobal
